<?xml version="1.0" encoding="utf-8"?>
<Project ToolsVersion="4.0" xmlns="http://schemas.microsoft.com/developer/msbuild/2003">
  <ItemGroup>
    <ClCompile Include="main.cpp" />
  </ItemGroup>
  <ItemGroup>
    <ClInclude Include="TreeApp.h" />
    <ClInclude Include="HipHopAnimation.h" />
  </ItemGroup>
  <ItemGroup>
    <Filter Include="Shaders">
      <UniqueIdentifier>{767eeaa0-ed69-4ebc-ba1d-2eb4237a0f3e}</UniqueIdentifier>
    </Filter>
    <Filter Include="Lua">
      <UniqueIdentifier>{7735a2c3-61b3-48b5-aac4-0a23792ca05d}</UniqueIdentifier>
    </Filter>
  </ItemGroup>
  <ItemGroup>
    <CustomBuild Include="Lua\scene.lua">
      <Filter>Lua</Filter>
    </CustomBuild>
  </ItemGroup>
  <ItemGroup>
    <None Include="Shaders\treeCB.hlsli">
      <Filter>Shaders</Filter>
    </None>
    <None Include="Shaders\matrix.hlsli">
      <Filter>Shaders</Filter>
    </None>
    <None Include="Shaders\tree.hlsli">
      <Filter>Shaders</Filter>
    </None>
  </ItemGroup>
  <ItemGroup>
    <FxCompile Include="growCS.hlsl">
      <Filter>Shaders</Filter>
    </FxCompile>
    <FxCompile Include="treeVS.hlsl">
      <Filter>Shaders</Filter>
    </FxCompile>
    <FxCompile Include="treePS.hlsl">
      <Filter>Shaders</Filter>
    </FxCompile>
  </ItemGroup>
</Project>