
Microsoft Visual Studio Solution File, Format Version 12.00
# Visual Studio Version 16
VisualStudioVersion = 16.0.29020.237
MinimumVisualStudioVersion = 10.0.40219.1
Project("{8BC9CEB8-8B4A-11D0-8D11-00A0C91BC942}") = "ggl001-HelloTriangle", "ggl001-HelloTriangle\ggl001-HelloTriangle.vcxproj", "{226FA8CD-44EA-46B9-83A4-79EECED4CF3D}"
EndProject
Project("{8BC9CEB8-8B4A-11D0-8D11-00A0C91BC942}") = "ggl002-Libraries", "ggl002-Libraries\ggl002-Libraries.vcxproj", "{96607F87-0577-4DB9-8BD7-066E92F2EC0F}"
	ProjectSection(ProjectDependencies) = postProject
		{C235BD63-6E30-4F13-A0FF-C5D5FCA38558} = {C235BD63-6E30-4F13-A0FF-C5D5FCA38558}
	EndProjectSection
EndProject
Project("{8BC9CEB8-8B4A-11D0-8D11-00A0C91BC942}") = "Egg", "Egg\Egg.vcxproj", "{C235BD63-6E30-4F13-A0FF-C5D5FCA38558}"
	ProjectSection(ProjectDependencies) = postProject
		{CB50B522-876F-4B70-9EC4-5B0C735323D9} = {CB50B522-876F-4B70-9EC4-5B0C735323D9}
		{371B9FA9-4C90-4AC6-A123-ACED756D6C77} = {371B9FA9-4C90-4AC6-A123-ACED756D6C77}
	EndProjectSection
EndProject
Project("{8BC9CEB8-8B4A-11D0-8D11-00A0C91BC942}") = "ggl003-Assimp", "ggl003-Assimp\ggl003-Assimp.vcxproj", "{7268F8BA-E60F-4563-89F3-ACCF64E4910F}"
	ProjectSection(ProjectDependencies) = postProject
		{C235BD63-6E30-4F13-A0FF-C5D5FCA38558} = {C235BD63-6E30-4F13-A0FF-C5D5FCA38558}
	EndProjectSection
EndProject
Project("{8BC9CEB8-8B4A-11D0-8D11-00A0C91BC942}") = "ggl004-Textures", "ggl004-Textures\ggl004-Textures.vcxproj", "{31F132A4-D509-4D43-BE62-6EC96816AC3B}"
	ProjectSection(ProjectDependencies) = postProject
		{C235BD63-6E30-4F13-A0FF-C5D5FCA38558} = {C235BD63-6E30-4F13-A0FF-C5D5FCA38558}
	EndProjectSection
EndProject
Project("{8BC9CEB8-8B4A-11D0-8D11-00A0C91BC942}") = "ggl005-Camera", "ggl005-Camera\ggl005-Camera.vcxproj", "{8286BB15-CEF9-4508-B90F-DB4B2A2FDA2E}"
	ProjectSection(ProjectDependencies) = postProject
		{C235BD63-6E30-4F13-A0FF-C5D5FCA38558} = {C235BD63-6E30-4F13-A0FF-C5D5FCA38558}
	EndProjectSection
EndProject
Project("{8BC9CEB8-8B4A-11D0-8D11-00A0C91BC942}") = "ggl006-Shading", "ggl006-Shading\ggl006-Shading.vcxproj", "{2487F74A-88E0-443E-B321-646BBD786882}"
	ProjectSection(ProjectDependencies) = postProject
		{C235BD63-6E30-4F13-A0FF-C5D5FCA38558} = {C235BD63-6E30-4F13-A0FF-C5D5FCA38558}
	EndProjectSection
EndProject
Project("{8BC9CEB8-8B4A-11D0-8D11-00A0C91BC942}") = "ggl008-Fire", "ggl008-Fire\ggl008-Fire.vcxproj", "{ED23D399-448D-48E1-ABEE-6E0ED4C80027}"
	ProjectSection(ProjectDependencies) = postProject
		{C235BD63-6E30-4F13-A0FF-C5D5FCA38558} = {C235BD63-6E30-4F13-A0FF-C5D5FCA38558}
	EndProjectSection
EndProject
Project("{8BC9CEB8-8B4A-11D0-8D11-00A0C91BC942}") = "ggl010-Scene", "ggl010-Scene\ggl010-Scene.vcxproj", "{B95916BA-54CB-42F6-A063-55A54170802A}"
	ProjectSection(ProjectDependencies) = postProject
		{C235BD63-6E30-4F13-A0FF-C5D5FCA38558} = {C235BD63-6E30-4F13-A0FF-C5D5FCA38558}
	EndProjectSection
EndProject
Project("{8BC9CEB8-8B4A-11D0-8D11-00A0C91BC942}") = "ggl011-Manager", "ggl011-Manager\ggl011-Manager.vcxproj", "{9EE3C3DB-613B-4946-AB59-C93AED262702}"
	ProjectSection(ProjectDependencies) = postProject
		{C235BD63-6E30-4F13-A0FF-C5D5FCA38558} = {C235BD63-6E30-4F13-A0FF-C5D5FCA38558}
	EndProjectSection
EndProject
Project("{8BC9CEB8-8B4A-11D0-8D11-00A0C91BC942}") = "LuaBind", "LuaBind\LuaBind.vcxproj", "{CB50B522-876F-4B70-9EC4-5B0C735323D9}"
EndProject
Project("{8BC9CEB8-8B4A-11D0-8D11-00A0C91BC942}") = "ggl012-Script", "ggl012-Script\ggl012-Script.vcxproj", "{BE811C96-279D-4D02-A5E8-CB5AFA22E77F}"
	ProjectSection(ProjectDependencies) = postProject
		{C235BD63-6E30-4F13-A0FF-C5D5FCA38558} = {C235BD63-6E30-4F13-A0FF-C5D5FCA38558}
	EndProjectSection
EndProject
Project("{8BC9CEB8-8B4A-11D0-8D11-00A0C91BC942}") = "DirectXTex", "DirectXTex\DirectXTex\DirectXTex_Desktop_2019_Win10.vcxproj", "{371B9FA9-4C90-4AC6-A123-ACED756D6C77}"
EndProject
Project("{8BC9CEB8-8B4A-11D0-8D11-00A0C91BC942}") = "ggl013-Physics", "ggl013-Physics\ggl013-Physics.vcxproj", "{2A05A08E-1BAE-4562-8007-76027C58D36B}"
	ProjectSection(ProjectDependencies) = postProject
		{C235BD63-6E30-4F13-A0FF-C5D5FCA38558} = {C235BD63-6E30-4F13-A0FF-C5D5FCA38558}
	EndProjectSection
EndProject
Project("{8BC9CEB8-8B4A-11D0-8D11-00A0C91BC942}") = "ggl014-Control", "ggl014-Control\ggl014-Control.vcxproj", "{54C78249-A87C-45ED-B4F5-76B954AC5459}"
	ProjectSection(ProjectDependencies) = postProject
		{C235BD63-6E30-4F13-A0FF-C5D5FCA38558} = {C235BD63-6E30-4F13-A0FF-C5D5FCA38558}
	EndProjectSection
EndProject
Global
	GlobalSection(SolutionConfigurationPlatforms) = preSolution
		Debug|x64 = Debug|x64
		Debug|x86 = Debug|x86
		Profile|x64 = Profile|x64
		Profile|x86 = Profile|x86
		Release|x64 = Release|x64
		Release|x86 = Release|x86
	EndGlobalSection
	GlobalSection(ProjectConfigurationPlatforms) = postSolution
		{226FA8CD-44EA-46B9-83A4-79EECED4CF3D}.Debug|x64.ActiveCfg = Debug|x64
		{226FA8CD-44EA-46B9-83A4-79EECED4CF3D}.Debug|x64.Build.0 = Debug|x64
		{226FA8CD-44EA-46B9-83A4-79EECED4CF3D}.Debug|x86.ActiveCfg = Debug|x64
		{226FA8CD-44EA-46B9-83A4-79EECED4CF3D}.Profile|x64.ActiveCfg = Debug|x64
		{226FA8CD-44EA-46B9-83A4-79EECED4CF3D}.Profile|x64.Build.0 = Debug|x64
		{226FA8CD-44EA-46B9-83A4-79EECED4CF3D}.Profile|x86.ActiveCfg = Debug|x64
		{226FA8CD-44EA-46B9-83A4-79EECED4CF3D}.Profile|x86.Build.0 = Debug|x64
		{226FA8CD-44EA-46B9-83A4-79EECED4CF3D}.Release|x64.ActiveCfg = Debug|x64
		{226FA8CD-44EA-46B9-83A4-79EECED4CF3D}.Release|x64.Build.0 = Debug|x64
		{226FA8CD-44EA-46B9-83A4-79EECED4CF3D}.Release|x86.ActiveCfg = Debug|x64
		{226FA8CD-44EA-46B9-83A4-79EECED4CF3D}.Release|x86.Build.0 = Debug|x64
		{96607F87-0577-4DB9-8BD7-066E92F2EC0F}.Debug|x64.ActiveCfg = Debug|x64
		{96607F87-0577-4DB9-8BD7-066E92F2EC0F}.Debug|x64.Build.0 = Debug|x64
		{96607F87-0577-4DB9-8BD7-066E92F2EC0F}.Debug|x86.ActiveCfg = Debug|x64
		{96607F87-0577-4DB9-8BD7-066E92F2EC0F}.Profile|x64.ActiveCfg = Debug|x64
		{96607F87-0577-4DB9-8BD7-066E92F2EC0F}.Profile|x64.Build.0 = Debug|x64
		{96607F87-0577-4DB9-8BD7-066E92F2EC0F}.Profile|x86.ActiveCfg = Debug|x64
		{96607F87-0577-4DB9-8BD7-066E92F2EC0F}.Profile|x86.Build.0 = Debug|x64
		{96607F87-0577-4DB9-8BD7-066E92F2EC0F}.Release|x64.ActiveCfg = Debug|x64
		{96607F87-0577-4DB9-8BD7-066E92F2EC0F}.Release|x64.Build.0 = Debug|x64
		{96607F87-0577-4DB9-8BD7-066E92F2EC0F}.Release|x86.ActiveCfg = Debug|x64
		{96607F87-0577-4DB9-8BD7-066E92F2EC0F}.Release|x86.Build.0 = Debug|x64
		{C235BD63-6E30-4F13-A0FF-C5D5FCA38558}.Debug|x64.ActiveCfg = Debug|x64
		{C235BD63-6E30-4F13-A0FF-C5D5FCA38558}.Debug|x64.Build.0 = Debug|x64
		{C235BD63-6E30-4F13-A0FF-C5D5FCA38558}.Debug|x86.ActiveCfg = Debug|x64
		{C235BD63-6E30-4F13-A0FF-C5D5FCA38558}.Profile|x64.ActiveCfg = Debug|x64
		{C235BD63-6E30-4F13-A0FF-C5D5FCA38558}.Profile|x64.Build.0 = Debug|x64
		{C235BD63-6E30-4F13-A0FF-C5D5FCA38558}.Profile|x86.ActiveCfg = Debug|x64
		{C235BD63-6E30-4F13-A0FF-C5D5FCA38558}.Profile|x86.Build.0 = Debug|x64
		{C235BD63-6E30-4F13-A0FF-C5D5FCA38558}.Release|x64.ActiveCfg = Debug|x64
		{C235BD63-6E30-4F13-A0FF-C5D5FCA38558}.Release|x64.Build.0 = Debug|x64
		{C235BD63-6E30-4F13-A0FF-C5D5FCA38558}.Release|x86.ActiveCfg = Debug|x64
		{C235BD63-6E30-4F13-A0FF-C5D5FCA38558}.Release|x86.Build.0 = Debug|x64
		{7268F8BA-E60F-4563-89F3-ACCF64E4910F}.Debug|x64.ActiveCfg = Debug|x64
		{7268F8BA-E60F-4563-89F3-ACCF64E4910F}.Debug|x64.Build.0 = Debug|x64
		{7268F8BA-E60F-4563-89F3-ACCF64E4910F}.Debug|x86.ActiveCfg = Debug|x64
		{7268F8BA-E60F-4563-89F3-ACCF64E4910F}.Profile|x64.ActiveCfg = Debug|x64
		{7268F8BA-E60F-4563-89F3-ACCF64E4910F}.Profile|x64.Build.0 = Debug|x64
		{7268F8BA-E60F-4563-89F3-ACCF64E4910F}.Profile|x86.ActiveCfg = Debug|x64
		{7268F8BA-E60F-4563-89F3-ACCF64E4910F}.Profile|x86.Build.0 = Debug|x64
		{7268F8BA-E60F-4563-89F3-ACCF64E4910F}.Release|x64.ActiveCfg = Debug|x64
		{7268F8BA-E60F-4563-89F3-ACCF64E4910F}.Release|x64.Build.0 = Debug|x64
		{7268F8BA-E60F-4563-89F3-ACCF64E4910F}.Release|x86.ActiveCfg = Debug|x64
		{7268F8BA-E60F-4563-89F3-ACCF64E4910F}.Release|x86.Build.0 = Debug|x64
		{31F132A4-D509-4D43-BE62-6EC96816AC3B}.Debug|x64.ActiveCfg = Debug|x64
		{31F132A4-D509-4D43-BE62-6EC96816AC3B}.Debug|x64.Build.0 = Debug|x64
		{31F132A4-D509-4D43-BE62-6EC96816AC3B}.Debug|x86.ActiveCfg = Debug|x64
		{31F132A4-D509-4D43-BE62-6EC96816AC3B}.Profile|x64.ActiveCfg = Debug|x64
		{31F132A4-D509-4D43-BE62-6EC96816AC3B}.Profile|x64.Build.0 = Debug|x64
		{31F132A4-D509-4D43-BE62-6EC96816AC3B}.Profile|x86.ActiveCfg = Debug|x64
		{31F132A4-D509-4D43-BE62-6EC96816AC3B}.Profile|x86.Build.0 = Debug|x64
		{31F132A4-D509-4D43-BE62-6EC96816AC3B}.Release|x64.ActiveCfg = Debug|x64
		{31F132A4-D509-4D43-BE62-6EC96816AC3B}.Release|x64.Build.0 = Debug|x64
		{31F132A4-D509-4D43-BE62-6EC96816AC3B}.Release|x86.ActiveCfg = Debug|x64
		{31F132A4-D509-4D43-BE62-6EC96816AC3B}.Release|x86.Build.0 = Debug|x64
		{8286BB15-CEF9-4508-B90F-DB4B2A2FDA2E}.Debug|x64.ActiveCfg = Debug|x64
		{8286BB15-CEF9-4508-B90F-DB4B2A2FDA2E}.Debug|x64.Build.0 = Debug|x64
		{8286BB15-CEF9-4508-B90F-DB4B2A2FDA2E}.Debug|x86.ActiveCfg = Debug|x64
		{8286BB15-CEF9-4508-B90F-DB4B2A2FDA2E}.Profile|x64.ActiveCfg = Debug|x64
		{8286BB15-CEF9-4508-B90F-DB4B2A2FDA2E}.Profile|x64.Build.0 = Debug|x64
		{8286BB15-CEF9-4508-B90F-DB4B2A2FDA2E}.Profile|x86.ActiveCfg = Debug|x64
		{8286BB15-CEF9-4508-B90F-DB4B2A2FDA2E}.Profile|x86.Build.0 = Debug|x64
		{8286BB15-CEF9-4508-B90F-DB4B2A2FDA2E}.Release|x64.ActiveCfg = Debug|x64
		{8286BB15-CEF9-4508-B90F-DB4B2A2FDA2E}.Release|x64.Build.0 = Debug|x64
		{8286BB15-CEF9-4508-B90F-DB4B2A2FDA2E}.Release|x86.ActiveCfg = Debug|x64
		{8286BB15-CEF9-4508-B90F-DB4B2A2FDA2E}.Release|x86.Build.0 = Debug|x64
		{2487F74A-88E0-443E-B321-646BBD786882}.Debug|x64.ActiveCfg = Debug|x64
		{2487F74A-88E0-443E-B321-646BBD786882}.Debug|x64.Build.0 = Debug|x64
		{2487F74A-88E0-443E-B321-646BBD786882}.Debug|x86.ActiveCfg = Debug|x64
		{2487F74A-88E0-443E-B321-646BBD786882}.Profile|x64.ActiveCfg = Debug|x64
		{2487F74A-88E0-443E-B321-646BBD786882}.Profile|x64.Build.0 = Debug|x64
		{2487F74A-88E0-443E-B321-646BBD786882}.Profile|x86.ActiveCfg = Debug|x64
		{2487F74A-88E0-443E-B321-646BBD786882}.Profile|x86.Build.0 = Debug|x64
		{2487F74A-88E0-443E-B321-646BBD786882}.Release|x64.ActiveCfg = Debug|x64
		{2487F74A-88E0-443E-B321-646BBD786882}.Release|x64.Build.0 = Debug|x64
		{2487F74A-88E0-443E-B321-646BBD786882}.Release|x86.ActiveCfg = Debug|x64
		{2487F74A-88E0-443E-B321-646BBD786882}.Release|x86.Build.0 = Debug|x64
		{ED23D399-448D-48E1-ABEE-6E0ED4C80027}.Debug|x64.ActiveCfg = Debug|x64
		{ED23D399-448D-48E1-ABEE-6E0ED4C80027}.Debug|x64.Build.0 = Debug|x64
		{ED23D399-448D-48E1-ABEE-6E0ED4C80027}.Debug|x86.ActiveCfg = Debug|x64
		{ED23D399-448D-48E1-ABEE-6E0ED4C80027}.Profile|x64.ActiveCfg = Debug|x64
		{ED23D399-448D-48E1-ABEE-6E0ED4C80027}.Profile|x64.Build.0 = Debug|x64
		{ED23D399-448D-48E1-ABEE-6E0ED4C80027}.Profile|x86.ActiveCfg = Debug|x64
		{ED23D399-448D-48E1-ABEE-6E0ED4C80027}.Profile|x86.Build.0 = Debug|x64
		{ED23D399-448D-48E1-ABEE-6E0ED4C80027}.Release|x64.ActiveCfg = Debug|x64
		{ED23D399-448D-48E1-ABEE-6E0ED4C80027}.Release|x64.Build.0 = Debug|x64
		{ED23D399-448D-48E1-ABEE-6E0ED4C80027}.Release|x86.ActiveCfg = Debug|x64
		{ED23D399-448D-48E1-ABEE-6E0ED4C80027}.Release|x86.Build.0 = Debug|x64
		{B95916BA-54CB-42F6-A063-55A54170802A}.Debug|x64.ActiveCfg = Debug|x64
		{B95916BA-54CB-42F6-A063-55A54170802A}.Debug|x64.Build.0 = Debug|x64
		{B95916BA-54CB-42F6-A063-55A54170802A}.Debug|x86.ActiveCfg = Debug|x64
		{B95916BA-54CB-42F6-A063-55A54170802A}.Profile|x64.ActiveCfg = Debug|x64
		{B95916BA-54CB-42F6-A063-55A54170802A}.Profile|x64.Build.0 = Debug|x64
		{B95916BA-54CB-42F6-A063-55A54170802A}.Profile|x86.ActiveCfg = Debug|x64
		{B95916BA-54CB-42F6-A063-55A54170802A}.Profile|x86.Build.0 = Debug|x64
		{B95916BA-54CB-42F6-A063-55A54170802A}.Release|x64.ActiveCfg = Debug|x64
		{B95916BA-54CB-42F6-A063-55A54170802A}.Release|x64.Build.0 = Debug|x64
		{B95916BA-54CB-42F6-A063-55A54170802A}.Release|x86.ActiveCfg = Debug|x64
		{B95916BA-54CB-42F6-A063-55A54170802A}.Release|x86.Build.0 = Debug|x64
		{9EE3C3DB-613B-4946-AB59-C93AED262702}.Debug|x64.ActiveCfg = Debug|x64
		{9EE3C3DB-613B-4946-AB59-C93AED262702}.Debug|x64.Build.0 = Debug|x64
		{9EE3C3DB-613B-4946-AB59-C93AED262702}.Debug|x86.ActiveCfg = Debug|x64
		{9EE3C3DB-613B-4946-AB59-C93AED262702}.Profile|x64.ActiveCfg = Debug|x64
		{9EE3C3DB-613B-4946-AB59-C93AED262702}.Profile|x64.Build.0 = Debug|x64
		{9EE3C3DB-613B-4946-AB59-C93AED262702}.Profile|x86.ActiveCfg = Debug|x64
		{9EE3C3DB-613B-4946-AB59-C93AED262702}.Profile|x86.Build.0 = Debug|x64
		{9EE3C3DB-613B-4946-AB59-C93AED262702}.Release|x64.ActiveCfg = Debug|x64
		{9EE3C3DB-613B-4946-AB59-C93AED262702}.Release|x64.Build.0 = Debug|x64
		{9EE3C3DB-613B-4946-AB59-C93AED262702}.Release|x86.ActiveCfg = Debug|x64
		{9EE3C3DB-613B-4946-AB59-C93AED262702}.Release|x86.Build.0 = Debug|x64
		{CB50B522-876F-4B70-9EC4-5B0C735323D9}.Debug|x64.ActiveCfg = Debug|x64
		{CB50B522-876F-4B70-9EC4-5B0C735323D9}.Debug|x64.Build.0 = Debug|x64
		{CB50B522-876F-4B70-9EC4-5B0C735323D9}.Debug|x86.ActiveCfg = Debug|x64
		{CB50B522-876F-4B70-9EC4-5B0C735323D9}.Profile|x64.ActiveCfg = Debug|x64
		{CB50B522-876F-4B70-9EC4-5B0C735323D9}.Profile|x64.Build.0 = Debug|x64
		{CB50B522-876F-4B70-9EC4-5B0C735323D9}.Profile|x86.ActiveCfg = Debug|x64
		{CB50B522-876F-4B70-9EC4-5B0C735323D9}.Profile|x86.Build.0 = Debug|x64
		{CB50B522-876F-4B70-9EC4-5B0C735323D9}.Release|x64.ActiveCfg = Debug|x64
		{CB50B522-876F-4B70-9EC4-5B0C735323D9}.Release|x64.Build.0 = Debug|x64
		{CB50B522-876F-4B70-9EC4-5B0C735323D9}.Release|x86.ActiveCfg = Debug|x64
		{CB50B522-876F-4B70-9EC4-5B0C735323D9}.Release|x86.Build.0 = Debug|x64
		{BE811C96-279D-4D02-A5E8-CB5AFA22E77F}.Debug|x64.ActiveCfg = Debug|x64
		{BE811C96-279D-4D02-A5E8-CB5AFA22E77F}.Debug|x64.Build.0 = Debug|x64
		{BE811C96-279D-4D02-A5E8-CB5AFA22E77F}.Debug|x86.ActiveCfg = Debug|x64
		{BE811C96-279D-4D02-A5E8-CB5AFA22E77F}.Profile|x64.ActiveCfg = Debug|x64
		{BE811C96-279D-4D02-A5E8-CB5AFA22E77F}.Profile|x64.Build.0 = Debug|x64
		{BE811C96-279D-4D02-A5E8-CB5AFA22E77F}.Profile|x86.ActiveCfg = Debug|x64
		{BE811C96-279D-4D02-A5E8-CB5AFA22E77F}.Profile|x86.Build.0 = Debug|x64
		{BE811C96-279D-4D02-A5E8-CB5AFA22E77F}.Release|x64.ActiveCfg = Debug|x64
		{BE811C96-279D-4D02-A5E8-CB5AFA22E77F}.Release|x64.Build.0 = Debug|x64
		{BE811C96-279D-4D02-A5E8-CB5AFA22E77F}.Release|x86.ActiveCfg = Debug|x64
		{BE811C96-279D-4D02-A5E8-CB5AFA22E77F}.Release|x86.Build.0 = Debug|x64
		{371B9FA9-4C90-4AC6-A123-ACED756D6C77}.Debug|x64.ActiveCfg = Debug|x64
		{371B9FA9-4C90-4AC6-A123-ACED756D6C77}.Debug|x64.Build.0 = Debug|x64
		{371B9FA9-4C90-4AC6-A123-ACED756D6C77}.Debug|x86.ActiveCfg = Debug|Win32
		{371B9FA9-4C90-4AC6-A123-ACED756D6C77}.Debug|x86.Build.0 = Debug|Win32
		{371B9FA9-4C90-4AC6-A123-ACED756D6C77}.Profile|x64.ActiveCfg = Profile|x64
		{371B9FA9-4C90-4AC6-A123-ACED756D6C77}.Profile|x64.Build.0 = Profile|x64
		{371B9FA9-4C90-4AC6-A123-ACED756D6C77}.Profile|x86.ActiveCfg = Profile|Win32
		{371B9FA9-4C90-4AC6-A123-ACED756D6C77}.Profile|x86.Build.0 = Profile|Win32
		{371B9FA9-4C90-4AC6-A123-ACED756D6C77}.Release|x64.ActiveCfg = Release|x64
		{371B9FA9-4C90-4AC6-A123-ACED756D6C77}.Release|x64.Build.0 = Release|x64
		{371B9FA9-4C90-4AC6-A123-ACED756D6C77}.Release|x86.ActiveCfg = Release|Win32
		{371B9FA9-4C90-4AC6-A123-ACED756D6C77}.Release|x86.Build.0 = Release|Win32
		{2A05A08E-1BAE-4562-8007-76027C58D36B}.Debug|x64.ActiveCfg = Debug|x64
		{2A05A08E-1BAE-4562-8007-76027C58D36B}.Debug|x64.Build.0 = Debug|x64
		{2A05A08E-1BAE-4562-8007-76027C58D36B}.Debug|x86.ActiveCfg = Debug|x64
		{2A05A08E-1BAE-4562-8007-76027C58D36B}.Profile|x64.ActiveCfg = Debug|x64
		{2A05A08E-1BAE-4562-8007-76027C58D36B}.Profile|x64.Build.0 = Debug|x64
		{2A05A08E-1BAE-4562-8007-76027C58D36B}.Profile|x86.ActiveCfg = Debug|x64
		{2A05A08E-1BAE-4562-8007-76027C58D36B}.Profile|x86.Build.0 = Debug|x64
		{2A05A08E-1BAE-4562-8007-76027C58D36B}.Release|x64.ActiveCfg = Debug|x64
		{2A05A08E-1BAE-4562-8007-76027C58D36B}.Release|x64.Build.0 = Debug|x64
		{2A05A08E-1BAE-4562-8007-76027C58D36B}.Release|x86.ActiveCfg = Debug|x64
		{2A05A08E-1BAE-4562-8007-76027C58D36B}.Release|x86.Build.0 = Debug|x64
		{54C78249-A87C-45ED-B4F5-76B954AC5459}.Debug|x64.ActiveCfg = Debug|x64
		{54C78249-A87C-45ED-B4F5-76B954AC5459}.Debug|x64.Build.0 = Debug|x64
		{54C78249-A87C-45ED-B4F5-76B954AC5459}.Debug|x86.ActiveCfg = Debug|x64
		{54C78249-A87C-45ED-B4F5-76B954AC5459}.Profile|x64.ActiveCfg = Debug|x64
		{54C78249-A87C-45ED-B4F5-76B954AC5459}.Profile|x64.Build.0 = Debug|x64
		{54C78249-A87C-45ED-B4F5-76B954AC5459}.Profile|x86.ActiveCfg = Debug|x64
		{54C78249-A87C-45ED-B4F5-76B954AC5459}.Profile|x86.Build.0 = Debug|x64
		{54C78249-A87C-45ED-B4F5-76B954AC5459}.Release|x64.ActiveCfg = Debug|x64
		{54C78249-A87C-45ED-B4F5-76B954AC5459}.Release|x64.Build.0 = Debug|x64
		{54C78249-A87C-45ED-B4F5-76B954AC5459}.Release|x86.ActiveCfg = Debug|x64
		{54C78249-A87C-45ED-B4F5-76B954AC5459}.Release|x86.Build.0 = Debug|x64
	EndGlobalSection
	GlobalSection(SolutionProperties) = preSolution
		HideSolutionNode = FALSE
	EndGlobalSection
	GlobalSection(ExtensibilityGlobals) = postSolution
		SolutionGuid = {16532773-4B5F-4FE5-8837-C935F780926D}
	EndGlobalSection
EndGlobal
