<?xml version="1.0" encoding="utf-8"?>
<Project ToolsVersion="4.0" xmlns="http://schemas.microsoft.com/developer/msbuild/2003">
  <ItemGroup>
    <ClCompile Include="main.cpp" />
    <ClCompile Include="..\Common\imgui\imgui.cpp">
      <Filter>ThirdParty\imgui</Filter>
    </ClCompile>
    <ClCompile Include="..\Common\imgui\imgui_draw.cpp">
      <Filter>ThirdParty\imgui</Filter>
    </ClCompile>
    <ClCompile Include="..\Common\imgui\imgui_impl_dx12.cpp">
      <Filter>ThirdParty\imgui</Filter>
    </ClCompile>
    <ClCompile Include="..\Common\imgui\imgui_impl_win32.cpp">
      <Filter>ThirdParty\imgui</Filter>
    </ClCompile>
    <ClCompile Include="..\Common\imgui\imgui_tables.cpp">
      <Filter>ThirdParty\imgui</Filter>
    </ClCompile>
    <ClCompile Include="..\Common\imgui\imgui_widgets.cpp">
      <Filter>ThirdParty\imgui</Filter>
    </ClCompile>
  </ItemGroup>
  <ItemGroup>
    <ClInclude Include="StereoHatchingApp.h" />
    <ClInclude Include="HatchVertex.h" />
    <ClInclude Include="MetaballSdf.h" />
    <ClInclude Include="MetaballCharacters.h" />
    <ClInclude Include="MarchingTetrahedra.h" />
    <ClInclude Include="CurvatureDirection.h" />
    <ClInclude Include="ImportedCharacter.h" />
    <ClInclude Include="StereoCamera.h" />
    <ClInclude Include="Common\GpuBuffer.h">
      <Filter>Common</Filter>
    </ClInclude>
    <ClInclude Include="Common\DescriptorAllocator.h">
      <Filter>Common</Filter>
    </ClInclude>
  </ItemGroup>
  <ItemGroup>
    <FxCompile Include="Shaders\hatchGeometryVS.hlsl">
      <Filter>Shaders</Filter>
    </FxCompile>
    <FxCompile Include="Shaders\hatchGeometryPS.hlsl">
      <Filter>Shaders</Filter>
    </FxCompile>
    <FxCompile Include="Shaders\clearSeedCounterCS.hlsl">
      <Filter>Shaders</Filter>
    </FxCompile>
    <FxCompile Include="Shaders\seedGenerateCS.hlsl">
      <Filter>Shaders</Filter>
    </FxCompile>
    <FxCompile Include="Shaders\strokeVS.hlsl">
      <Filter>Shaders</Filter>
    </FxCompile>
    <FxCompile Include="Shaders\strokePS.hlsl">
      <Filter>Shaders</Filter>
    </FxCompile>
    <FxCompile Include="Shaders\compositeVS.hlsl">
      <Filter>Shaders</Filter>
    </FxCompile>
    <FxCompile Include="Shaders\compositePS.hlsl">
      <Filter>Shaders</Filter>
    </FxCompile>
    <FxCompile Include="Shaders\crossProjectVS.hlsl">
      <Filter>Shaders</Filter>
    </FxCompile>
    <FxCompile Include="Shaders\crossProjectPS.hlsl">
      <Filter>Shaders</Filter>
    </FxCompile>
  </ItemGroup>
  <ItemGroup>
    <None Include="Shaders\Hash.hlsli">
      <Filter>Shaders</Filter>
    </None>
    <None Include="Shaders\EyeFrameCb.hlsli">
      <Filter>Shaders</Filter>
    </None>
    <None Include="Shaders\SeedGenCb.hlsli">
      <Filter>Shaders</Filter>
    </None>
    <None Include="Shaders\StrokeFrameCb.hlsli">
      <Filter>Shaders</Filter>
    </None>
    <None Include="Shaders\CompositeCb.hlsli">
      <Filter>Shaders</Filter>
    </None>
    <None Include="Shaders\CrossProjectCb.hlsli">
      <Filter>Shaders</Filter>
    </None>
  </ItemGroup>
  <ItemGroup>
    <Filter Include="Shaders">
      <UniqueIdentifier>{1a2b3c4d-5e6f-4a7b-8c9d-0e1f2a3b4c5d}</UniqueIdentifier>
    </Filter>
    <Filter Include="Common">
      <UniqueIdentifier>{2b3c4d5e-6f7a-4b8c-9d0e-1f2a3b4c5d6e}</UniqueIdentifier>
    </Filter>
    <Filter Include="ThirdParty">
      <UniqueIdentifier>{3c4d5e6f-7a8b-4c9d-0e1f-2a3b4c5d6e7f}</UniqueIdentifier>
    </Filter>
    <Filter Include="ThirdParty\imgui">
      <UniqueIdentifier>{4d5e6f7a-8b9c-4d0e-1f2a-3b4c5d6e7f80}</UniqueIdentifier>
    </Filter>
  </ItemGroup>
</Project>
